
Microsoft Visual Studio Solution File, Format Version 12.00
# Visual Studio Version 16
VisualStudioVersion = 16.0.30804.86
MinimumVisualStudioVersion = 10.0.40219.1
Project("{FAE04EC0-301F-11D3-BF4B-00C04F79EFBC}") = "App", "App\App.csproj", "{87218ECB-A740-4116-AA40-865F1B44A045}"
EndProject
Project("{FAE04EC0-301F-11D3-BF4B-00C04F79EFBC}") = "DAL", "DAL\DAL.csproj", "{354EE7EF-45AF-40BD-8301-316C85B79FEC}"
EndProject
Project("{FAE04EC0-301F-11D3-BF4B-00C04F79EFBC}") = "Domain", "Domain\Domain.csproj", "{0FD8A8E3-2D13-486E-A767-9AB8915E26BE}"
EndProject
Project("{FAE04EC0-301F-11D3-BF4B-00C04F79EFBC}") = "DomainTests", "DomainTests\DomainTests.csproj", "{36140D4B-7EA3-42EE-B622-DB18499325DC}"
EndProject
Global
	GlobalSection(SolutionConfigurationPlatforms) = preSolution
		Debug|Any CPU = Debug|Any CPU
		Release|Any CPU = Release|Any CPU
	EndGlobalSection
	GlobalSection(ProjectConfigurationPlatforms) = postSolution
		{87218ECB-A740-4116-AA40-865F1B44A045}.Debug|Any CPU.ActiveCfg = Debug|Any CPU
		{87218ECB-A740-4116-AA40-865F1B44A045}.Debug|Any CPU.Build.0 = Debug|Any CPU
		{87218ECB-A740-4116-AA40-865F1B44A045}.Release|Any CPU.ActiveCfg = Release|Any CPU
		{87218ECB-A740-4116-AA40-865F1B44A045}.Release|Any CPU.Build.0 = Release|Any CPU
		{354EE7EF-45AF-40BD-8301-316C85B79FEC}.Debug|Any CPU.ActiveCfg = Debug|Any CPU
		{354EE7EF-45AF-40BD-8301-316C85B79FEC}.Debug|Any CPU.Build.0 = Debug|Any CPU
		{354EE7EF-45AF-40BD-8301-316C85B79FEC}.Release|Any CPU.ActiveCfg = Release|Any CPU
		{354EE7EF-45AF-40BD-8301-316C85B79FEC}.Release|Any CPU.Build.0 = Release|Any CPU
		{0FD8A8E3-2D13-486E-A767-9AB8915E26BE}.Debug|Any CPU.ActiveCfg = Debug|Any CPU
		{0FD8A8E3-2D13-486E-A767-9AB8915E26BE}.Debug|Any CPU.Build.0 = Debug|Any CPU
		{0FD8A8E3-2D13-486E-A767-9AB8915E26BE}.Release|Any CPU.ActiveCfg = Release|Any CPU
		{0FD8A8E3-2D13-486E-A767-9AB8915E26BE}.Release|Any CPU.Build.0 = Release|Any CPU
		{36140D4B-7EA3-42EE-B622-DB18499325DC}.Debug|Any CPU.ActiveCfg = Debug|Any CPU
		{36140D4B-7EA3-42EE-B622-DB18499325DC}.Debug|Any CPU.Build.0 = Debug|Any CPU
		{36140D4B-7EA3-42EE-B622-DB18499325DC}.Release|Any CPU.ActiveCfg = Release|Any CPU
		{36140D4B-7EA3-42EE-B622-DB18499325DC}.Release|Any CPU.Build.0 = Release|Any CPU
	EndGlobalSection
	GlobalSection(SolutionProperties) = preSolution
		HideSolutionNode = FALSE
	EndGlobalSection
	GlobalSection(ExtensibilityGlobals) = postSolution
		SolutionGuid = {802833DC-FBA2-4451-A469-A11F6892014C}
	EndGlobalSection
EndGlobal
