
Microsoft Visual Studio Solution File, Format Version 12.00
# Visual Studio Version 16
VisualStudioVersion = 16.0.30011.22
MinimumVisualStudioVersion = 10.0.40219.1
Project("{FAE04EC0-301F-11D3-BF4B-00C04F79EFBC}") = "App", "App.csproj", "{66A4BC77-E311-4F75-8AB9-F2ABD54B4D65}"
EndProject
Project("{FAE04EC0-301F-11D3-BF4B-00C04F79EFBC}") = "DAL", "..\DAL\DAL.csproj", "{FF0951CB-EA35-42D1-B0E5-5FBA09B61E0A}"
EndProject
Project("{FAE04EC0-301F-11D3-BF4B-00C04F79EFBC}") = "Domain", "..\Domain\Domain.csproj", "{704BB468-9B27-4EC8-A687-F628B14B1195}"
EndProject
Global
	GlobalSection(SolutionConfigurationPlatforms) = preSolution
		Debug|Any CPU = Debug|Any CPU
		Debug|ARM = Debug|ARM
		Debug|ARM64 = Debug|ARM64
		Debug|x64 = Debug|x64
		Debug|x86 = Debug|x86
		Release|Any CPU = Release|Any CPU
		Release|ARM = Release|ARM
		Release|ARM64 = Release|ARM64
		Release|x64 = Release|x64
		Release|x86 = Release|x86
	EndGlobalSection
	GlobalSection(ProjectConfigurationPlatforms) = postSolution
		{66A4BC77-E311-4F75-8AB9-F2ABD54B4D65}.Debug|Any CPU.ActiveCfg = Debug|Any CPU
		{66A4BC77-E311-4F75-8AB9-F2ABD54B4D65}.Debug|Any CPU.Build.0 = Debug|Any CPU
		{66A4BC77-E311-4F75-8AB9-F2ABD54B4D65}.Debug|ARM.ActiveCfg = Debug|Any CPU
		{66A4BC77-E311-4F75-8AB9-F2ABD54B4D65}.Debug|ARM.Build.0 = Debug|Any CPU
		{66A4BC77-E311-4F75-8AB9-F2ABD54B4D65}.Debug|ARM64.ActiveCfg = Debug|Any CPU
		{66A4BC77-E311-4F75-8AB9-F2ABD54B4D65}.Debug|ARM64.Build.0 = Debug|Any CPU
		{66A4BC77-E311-4F75-8AB9-F2ABD54B4D65}.Debug|x64.ActiveCfg = Debug|Any CPU
		{66A4BC77-E311-4F75-8AB9-F2ABD54B4D65}.Debug|x64.Build.0 = Debug|Any CPU
		{66A4BC77-E311-4F75-8AB9-F2ABD54B4D65}.Debug|x86.ActiveCfg = Debug|Any CPU
		{66A4BC77-E311-4F75-8AB9-F2ABD54B4D65}.Debug|x86.Build.0 = Debug|Any CPU
		{66A4BC77-E311-4F75-8AB9-F2ABD54B4D65}.Release|Any CPU.ActiveCfg = Release|Any CPU
		{66A4BC77-E311-4F75-8AB9-F2ABD54B4D65}.Release|Any CPU.Build.0 = Release|Any CPU
		{66A4BC77-E311-4F75-8AB9-F2ABD54B4D65}.Release|ARM.ActiveCfg = Release|Any CPU
		{66A4BC77-E311-4F75-8AB9-F2ABD54B4D65}.Release|ARM.Build.0 = Release|Any CPU
		{66A4BC77-E311-4F75-8AB9-F2ABD54B4D65}.Release|ARM64.ActiveCfg = Release|Any CPU
		{66A4BC77-E311-4F75-8AB9-F2ABD54B4D65}.Release|ARM64.Build.0 = Release|Any CPU
		{66A4BC77-E311-4F75-8AB9-F2ABD54B4D65}.Release|x64.ActiveCfg = Release|Any CPU
		{66A4BC77-E311-4F75-8AB9-F2ABD54B4D65}.Release|x64.Build.0 = Release|Any CPU
		{66A4BC77-E311-4F75-8AB9-F2ABD54B4D65}.Release|x86.ActiveCfg = Release|Any CPU
		{66A4BC77-E311-4F75-8AB9-F2ABD54B4D65}.Release|x86.Build.0 = Release|Any CPU
		{FF0951CB-EA35-42D1-B0E5-5FBA09B61E0A}.Debug|Any CPU.ActiveCfg = Debug|Any CPU
		{FF0951CB-EA35-42D1-B0E5-5FBA09B61E0A}.Debug|Any CPU.Build.0 = Debug|Any CPU
		{FF0951CB-EA35-42D1-B0E5-5FBA09B61E0A}.Debug|ARM.ActiveCfg = Debug|ARM
		{FF0951CB-EA35-42D1-B0E5-5FBA09B61E0A}.Debug|ARM.Build.0 = Debug|ARM
		{FF0951CB-EA35-42D1-B0E5-5FBA09B61E0A}.Debug|ARM64.ActiveCfg = Debug|ARM64
		{FF0951CB-EA35-42D1-B0E5-5FBA09B61E0A}.Debug|ARM64.Build.0 = Debug|ARM64
		{FF0951CB-EA35-42D1-B0E5-5FBA09B61E0A}.Debug|x64.ActiveCfg = Debug|x64
		{FF0951CB-EA35-42D1-B0E5-5FBA09B61E0A}.Debug|x64.Build.0 = Debug|x64
		{FF0951CB-EA35-42D1-B0E5-5FBA09B61E0A}.Debug|x86.ActiveCfg = Debug|x86
		{FF0951CB-EA35-42D1-B0E5-5FBA09B61E0A}.Debug|x86.Build.0 = Debug|x86
		{FF0951CB-EA35-42D1-B0E5-5FBA09B61E0A}.Release|Any CPU.ActiveCfg = Release|Any CPU
		{FF0951CB-EA35-42D1-B0E5-5FBA09B61E0A}.Release|Any CPU.Build.0 = Release|Any CPU
		{FF0951CB-EA35-42D1-B0E5-5FBA09B61E0A}.Release|ARM.ActiveCfg = Release|ARM
		{FF0951CB-EA35-42D1-B0E5-5FBA09B61E0A}.Release|ARM.Build.0 = Release|ARM
		{FF0951CB-EA35-42D1-B0E5-5FBA09B61E0A}.Release|ARM64.ActiveCfg = Release|ARM64
		{FF0951CB-EA35-42D1-B0E5-5FBA09B61E0A}.Release|ARM64.Build.0 = Release|ARM64
		{FF0951CB-EA35-42D1-B0E5-5FBA09B61E0A}.Release|x64.ActiveCfg = Release|x64
		{FF0951CB-EA35-42D1-B0E5-5FBA09B61E0A}.Release|x64.Build.0 = Release|x64
		{FF0951CB-EA35-42D1-B0E5-5FBA09B61E0A}.Release|x86.ActiveCfg = Release|x86
		{FF0951CB-EA35-42D1-B0E5-5FBA09B61E0A}.Release|x86.Build.0 = Release|x86
		{704BB468-9B27-4EC8-A687-F628B14B1195}.Debug|Any CPU.ActiveCfg = Debug|Any CPU
		{704BB468-9B27-4EC8-A687-F628B14B1195}.Debug|Any CPU.Build.0 = Debug|Any CPU
		{704BB468-9B27-4EC8-A687-F628B14B1195}.Debug|ARM.ActiveCfg = Debug|ARM
		{704BB468-9B27-4EC8-A687-F628B14B1195}.Debug|ARM.Build.0 = Debug|ARM
		{704BB468-9B27-4EC8-A687-F628B14B1195}.Debug|ARM64.ActiveCfg = Debug|ARM64
		{704BB468-9B27-4EC8-A687-F628B14B1195}.Debug|ARM64.Build.0 = Debug|ARM64
		{704BB468-9B27-4EC8-A687-F628B14B1195}.Debug|x64.ActiveCfg = Debug|x64
		{704BB468-9B27-4EC8-A687-F628B14B1195}.Debug|x64.Build.0 = Debug|x64
		{704BB468-9B27-4EC8-A687-F628B14B1195}.Debug|x86.ActiveCfg = Debug|x86
		{704BB468-9B27-4EC8-A687-F628B14B1195}.Debug|x86.Build.0 = Debug|x86
		{704BB468-9B27-4EC8-A687-F628B14B1195}.Release|Any CPU.ActiveCfg = Release|Any CPU
		{704BB468-9B27-4EC8-A687-F628B14B1195}.Release|Any CPU.Build.0 = Release|Any CPU
		{704BB468-9B27-4EC8-A687-F628B14B1195}.Release|ARM.ActiveCfg = Release|ARM
		{704BB468-9B27-4EC8-A687-F628B14B1195}.Release|ARM.Build.0 = Release|ARM
		{704BB468-9B27-4EC8-A687-F628B14B1195}.Release|ARM64.ActiveCfg = Release|ARM64
		{704BB468-9B27-4EC8-A687-F628B14B1195}.Release|ARM64.Build.0 = Release|ARM64
		{704BB468-9B27-4EC8-A687-F628B14B1195}.Release|x64.ActiveCfg = Release|x64
		{704BB468-9B27-4EC8-A687-F628B14B1195}.Release|x64.Build.0 = Release|x64
		{704BB468-9B27-4EC8-A687-F628B14B1195}.Release|x86.ActiveCfg = Release|x86
		{704BB468-9B27-4EC8-A687-F628B14B1195}.Release|x86.Build.0 = Release|x86
	EndGlobalSection
	GlobalSection(SolutionProperties) = preSolution
		HideSolutionNode = FALSE
	EndGlobalSection
	GlobalSection(ExtensibilityGlobals) = postSolution
		SolutionGuid = {11563884-D058-4F40-8D91-B455A6239794}
	EndGlobalSection
EndGlobal
